<?xml version="1.0" encoding="UTF-8" standalone="yes" ?>
<CodeBlocks_project_file>
	<FileVersion major="1" minor="6" />
	<Project>
		<Option title="week1" />
		<Option pch_mode="2" />
		<Option compiler="gcc" />
		<Build>
			<Target title="Debug">
				<Option output="bin/Debug/week1" prefix_auto="1" extension_auto="1" />
				<Option object_output="obj/Debug/" />
				<Option type="1" />
				<Option compiler="gcc" />
				<Compiler>
					<Add option="-g" />
				</Compiler>
				<Linker>
					<Add directory="../z/bin/Debug" />
					<Add directory="../znz/bin/Debug" />
					<Add directory="../nifti/bin/Debug" />
				</Linker>
			</Target>
			<Target title="Release">
				<Option output="bin/Release/week1" prefix_auto="1" extension_auto="1" />
				<Option object_output="obj/Release/" />
				<Option type="1" />
				<Option compiler="gcc" />
				<Compiler>
					<Add option="-O2" />
				</Compiler>
				<Linker>
					<Add option="-s" />
					<Add directory="../z/bin/Release" />
					<Add directory="../znz/bin/Release" />
					<Add directory="../nifti/bin/Release" />
				</Linker>
			</Target>
		</Build>
		<Compiler>
			<Add option="-Wall" />
			<Add option="-fexceptions -std=gnu++11" />
			<Add directory="../week1" />
			<Add directory=".." />
			<Add directory="../nifti/include" />
			<Add directory="../znz/include" />
			<Add directory="C:/Users/amwink/Documents/courses/advanced_image_processing/practice_aipcpp/week1/" />
		</Compiler>
		<Linker>
			<Add option="-lm -lpthread -lz -lznz -lnifti" />
			<Add option='[[ if(PLATFORM == PLATFORM_MSW  ) print(_(&quot;-lgdi32&quot;)); else print(_(&quot;-lX11&quot;)); ]]' />
		</Linker>
		<Unit filename="image.hpp" />
		<Unit filename="niftiio.hpp" />
		<Unit filename="week1.cpp" />
		<Extensions>
			<envvars />
			<code_completion />
			<debugger />
		</Extensions>
	</Project>
</CodeBlocks_project_file>
